
Microsoft Visual Studio Solution File, Format Version 12.00
# Visual Studio Version 16
VisualStudioVersion = 16.0.31205.134
MinimumVisualStudioVersion = 10.0.40219.1
Project("{8BC9CEB8-8B4A-11D0-8D11-00A0C91BC942}") = "Sandbox", "Sandbox\Sandbox.vcxproj", "{08D3297D-2C67-4C58-A3F2-7C87299577F9}"
EndProject
Project("{8BC9CEB8-8B4A-11D0-8D11-00A0C91BC942}") = "Oberon", "Oberon\Oberon.vcxproj", "{26261A12-F7AB-43F5-A19B-F77456949805}"
EndProject
Global
	GlobalSection(SolutionConfigurationPlatforms) = preSolution
		Debug|x64 = Debug|x64
		Release|x64 = Release|x64
	EndGlobalSection
	GlobalSection(ProjectConfigurationPlatforms) = postSolution
		{26261A12-F7AB-43F5-A19B-F77456949805}.Debug|x64.ActiveCfg = Debug|x64
		{26261A12-F7AB-43F5-A19B-F77456949805}.Debug|x64.Build.0 = Debug|x64
		{26261A12-F7AB-43F5-A19B-F77456949805}.Release|x64.ActiveCfg = Release|x64
		{26261A12-F7AB-43F5-A19B-F77456949805}.Release|x64.Build.0 = Release|x64
		{08D3297D-2C67-4C58-A3F2-7C87299577F9}.Debug|x64.ActiveCfg = Debug|x64
		{08D3297D-2C67-4C58-A3F2-7C87299577F9}.Debug|x64.Build.0 = Debug|x64
		{08D3297D-2C67-4C58-A3F2-7C87299577F9}.Release|x64.ActiveCfg = Release|x64
		{08D3297D-2C67-4C58-A3F2-7C87299577F9}.Release|x64.Build.0 = Release|x64
	EndGlobalSection
	GlobalSection(SolutionProperties) = preSolution
		HideSolutionNode = FALSE
	EndGlobalSection
	GlobalSection(ExtensibilityGlobals) = postSolution
		SolutionGuid = {D4C520E7-A152-439D-9229-7CA4DE921083}
	EndGlobalSection
EndGlobal
